
Microsoft Visual Studio Solution File, Format Version 12.00
# Visual Studio 15
VisualStudioVersion = 15.0.27703.2026
MinimumVisualStudioVersion = 10.0.40219.1
Project("{888888A0-9F3D-457C-B088-3A5042F75D52}") = "UrlToPngBot", "UrlToPngBot\UrlToPngBot.pyproj", "{99647829-3733-4B12-BB8A-438EC2E6321F}"
EndProject
Global
	GlobalSection(SolutionConfigurationPlatforms) = preSolution
		Debug|Any CPU = Debug|Any CPU
		Release|Any CPU = Release|Any CPU
	EndGlobalSection
	GlobalSection(ProjectConfigurationPlatforms) = postSolution
		{99647829-3733-4B12-BB8A-438EC2E6321F}.Debug|Any CPU.ActiveCfg = Debug|Any CPU
		{99647829-3733-4B12-BB8A-438EC2E6321F}.Release|Any CPU.ActiveCfg = Release|Any CPU
	EndGlobalSection
	GlobalSection(SolutionProperties) = preSolution
		HideSolutionNode = FALSE
	EndGlobalSection
	GlobalSection(ExtensibilityGlobals) = postSolution
		SolutionGuid = {8B5578BF-294D-406C-ACD7-60FEA4549375}
	EndGlobalSection
EndGlobal
